
Microsoft Visual Studio Solution File, Format Version 12.00
Project("{FAE04EC0-301F-11D3-BF4B-00C04F79EFBC}") = "APBD_kolos2", "APBD_kolos2\APBD_kolos2.csproj", "{7DEB3EFA-5EE6-43C8-BBFF-4BBDC5AEF872}"
EndProject
Global
	GlobalSection(SolutionConfigurationPlatforms) = preSolution
		Debug|Any CPU = Debug|Any CPU
		Release|Any CPU = Release|Any CPU
	EndGlobalSection
	GlobalSection(ProjectConfigurationPlatforms) = postSolution
		{7DEB3EFA-5EE6-43C8-BBFF-4BBDC5AEF872}.Debug|Any CPU.ActiveCfg = Debug|Any CPU
		{7DEB3EFA-5EE6-43C8-BBFF-4BBDC5AEF872}.Debug|Any CPU.Build.0 = Debug|Any CPU
		{7DEB3EFA-5EE6-43C8-BBFF-4BBDC5AEF872}.Release|Any CPU.ActiveCfg = Release|Any CPU
		{7DEB3EFA-5EE6-43C8-BBFF-4BBDC5AEF872}.Release|Any CPU.Build.0 = Release|Any CPU
	EndGlobalSection
EndGlobal
